
Microsoft Visual Studio Solution File, Format Version 12.00
# Visual Studio Version 17
VisualStudioVersion = 17.4.33110.190
MinimumVisualStudioVersion = 10.0.40219.1
Project("{8BC9CEB8-8B4A-11D0-8D11-00A0C91BC942}") = "robosim", "robo\robo.vcxproj", "{73908789-FE0D-49EF-8FFA-93D7596B571D}"
	ProjectSection(ProjectDependencies) = postProject
		{099B3C38-0F3E-47D6-A97C-04527AE0CE30} = {099B3C38-0F3E-47D6-A97C-04527AE0CE30}
		{7D1FD517-B58E-4AFF-B1B2-EECE171120D0} = {7D1FD517-B58E-4AFF-B1B2-EECE171120D0}
	EndProjectSection
EndProject
Project("{8BC9CEB8-8B4A-11D0-8D11-00A0C91BC942}") = "pumainv", "pumainv\pumainv.vcxproj", "{099B3C38-0F3E-47D6-A97C-04527AE0CE30}"
EndProject
Project("{2150E333-8FDC-42A3-9474-1A3956D46DE8}") = "Samples", "Samples", "{4BB19D35-042B-46DA-A478-45123920C908}"
	ProjectSection(SolutionItems) = preProject
		samples\1-AXIS_R.LSP = samples\1-AXIS_R.LSP
		samples\1-AXIS_T.LSP = samples\1-AXIS_T.LSP
		samples\3P_CART.LSP = samples\3P_CART.LSP
		samples\3R-DEMO.LSP = samples\3R-DEMO.LSP
		samples\3R_ROBOT.LSP = samples\3R_ROBOT.LSP
		samples\4R_ROBOT.LSP = samples\4R_ROBOT.LSP
		samples\ANDROID.LSP = samples\ANDROID.LSP
		samples\BALLDEMO.LSP = samples\BALLDEMO.LSP
		samples\bugcopy.lsp = samples\bugcopy.lsp
		samples\CARTDEMO.LSP = samples\CARTDEMO.LSP
		samples\CART_RBT.LSP = samples\CART_RBT.LSP
		samples\DEMO-KTH.LSP = samples\DEMO-KTH.LSP
		samples\DEMO-RLC.LSP = samples\DEMO-RLC.LSP
		samples\DEMO.LSP = samples\DEMO.LSP
		samples\DEMO3D.LSP = samples\DEMO3D.LSP
		samples\DROID.LSP = samples\DROID.LSP
		samples\FACT.LSP = samples\FACT.LSP
		samples\FUNCT.LSP = samples\FUNCT.LSP
		samples\J-CNT-3R.LSP = samples\J-CNT-3R.LSP
		samples\LEX.LSP = samples\LEX.LSP
		samples\LL.LSP = samples\LL.LSP
		samples\MOVEIT.LSP = samples\MOVEIT.LSP
		samples\MULTVIEW.LSP = samples\MULTVIEW.LSP
		samples\OBJ-2.LSP = samples\OBJ-2.LSP
		samples\PRED.LSP = samples\PRED.LSP
		samples\PUMA560.LSP = samples\PUMA560.LSP
		samples\PUMA8.LSP = samples\PUMA8.LSP
		samples\PUMAINV.LSP = samples\PUMAINV.LSP
		samples\PUMTRACK.LSP = samples\PUMTRACK.LSP
		samples\REVERSE.LSP = samples\REVERSE.LSP
		samples\ROBOT.LSP = samples\ROBOT.LSP
		samples\SETUP.LSP = samples\SETUP.LSP
		samples\SSTATION.LSP = samples\SSTATION.LSP
		samples\STARTUP.LSP = samples\STARTUP.LSP
		samples\T3.LSP = samples\T3.LSP
		samples\TAK.LSP = samples\TAK.LSP
		samples\TAKLET.LSP = samples\TAKLET.LSP
		samples\TBOX.LSP = samples\TBOX.LSP
		samples\TEMPLATE.LSP = samples\TEMPLATE.LSP
		samples\TOWER.LSP = samples\TOWER.LSP
		samples\TRACELIN.LSP = samples\TRACELIN.LSP
		samples\TRACKING.LSP = samples\TRACKING.LSP
		samples\TWOFUNS.LSP = samples\TWOFUNS.LSP
		samples\WELD.LSP = samples\WELD.LSP
	EndProjectSection
EndProject
Project("{2150E333-8FDC-42A3-9474-1A3956D46DE8}") = "Help", "Help", "{48930406-ED1D-468E-A3FC-9D84CE518FDB}"
	ProjectSection(SolutionItems) = preProject
		help\robo.hhk = help\robo.hhk
		help\robo.hhp = help\robo.hhp
	EndProjectSection
EndProject
Project("{2150E333-8FDC-42A3-9474-1A3956D46DE8}") = "html", "html", "{58B3831A-341D-4113-A5B7-B158E65628B1}"
	ProjectSection(SolutionItems) = preProject
		help\html\about-dialog.htm = help\html\about-dialog.htm
		help\html\abs.htm = help\html\abs.htm
		help\html\acos.htm = help\html\acos.htm
		help\html\acosh.htm = help\html\acosh.htm
		help\html\add-objects.htm = help\html\add-objects.htm
		help\html\adjust-lights.htm = help\html\adjust-lights.htm
		help\html\and.htm = help\html\and.htm
		help\html\append-objects.htm = help\html\append-objects.htm
		help\html\append.htm = help\html\append.htm
		help\html\apply.htm = help\html\apply.htm
		help\html\aref.htm = help\html\aref.htm
		help\html\arrange-icons.htm = help\html\arrange-icons.htm
		help\html\asin.htm = help\html\asin.htm
		help\html\asinh.htm = help\html\asinh.htm
		help\html\ask-dialog.htm = help\html\ask-dialog.htm
		help\html\atan.htm = help\html\atan.htm
		help\html\atanh.htm = help\html\atanh.htm
		help\html\atom.htm = help\html\atom.htm
		help\html\background.htm = help\html\background.htm
		help\html\bit-vector-p.htm = help\html\bit-vector-p.htm
		help\html\block.htm = help\html\block.htm
		help\html\caaaar.htm = help\html\caaaar.htm
		help\html\caaadr.htm = help\html\caaadr.htm
		help\html\caaar.htm = help\html\caaar.htm
		help\html\caadar.htm = help\html\caadar.htm
		help\html\caaddr.htm = help\html\caaddr.htm
		help\html\caadr.htm = help\html\caadr.htm
		help\html\caar.htm = help\html\caar.htm
		help\html\cadaar.htm = help\html\cadaar.htm
		help\html\cadadr.htm = help\html\cadadr.htm
		help\html\cadar.htm = help\html\cadar.htm
		help\html\caddar.htm = help\html\caddar.htm
		help\html\cadddr.htm = help\html\cadddr.htm
		help\html\caddr.htm = help\html\caddr.htm
		help\html\cadr.htm = help\html\cadr.htm
		help\html\car.htm = help\html\car.htm
		help\html\cascade-windows.htm = help\html\cascade-windows.htm
		help\html\catch.htm = help\html\catch.htm
		help\html\cdaaar.htm = help\html\cdaaar.htm
		help\html\cdaadr.htm = help\html\cdaadr.htm
		help\html\cdaar.htm = help\html\cdaar.htm
		help\html\cdadar.htm = help\html\cdadar.htm
		help\html\cdaddr.htm = help\html\cdaddr.htm
		help\html\cdadr.htm = help\html\cdadr.htm
		help\html\cdar.htm = help\html\cdar.htm
		help\html\cddaar.htm = help\html\cddaar.htm
		help\html\cddadr.htm = help\html\cddadr.htm
		help\html\cddar.htm = help\html\cddar.htm
		help\html\cdddar.htm = help\html\cdddar.htm
		help\html\cddddr.htm = help\html\cddddr.htm
		help\html\cdddr.htm = help\html\cdddr.htm
		help\html\cddr.htm = help\html\cddr.htm
		help\html\cdr.htm = help\html\cdr.htm
		help\html\characterp.htm = help\html\characterp.htm
		help\html\check-collision.htm = help\html\check-collision.htm
		help\html\check-stream.htm = help\html\check-stream.htm
		help\html\clear-simulation.htm = help\html\clear-simulation.htm
		help\html\close.htm = help\html\close.htm
		help\html\complexp.htm = help\html\complexp.htm
		help\html\cond.htm = help\html\cond.htm
		help\html\cons.htm = help\html\cons.htm
		help\html\consp.htm = help\html\consp.htm
		help\html\constants.htm = help\html\constants.htm
		help\html\copy-object.htm = help\html\copy-object.htm
		help\html\copy-window.htm = help\html\copy-window.htm
		help\html\cos.htm = help\html\cos.htm
		help\html\cosh.htm = help\html\cosh.htm
		help\html\d-h.htm = help\html\d-h.htm
		help\html\defconstant.htm = help\html\defconstant.htm
		help\html\defparameter.htm = help\html\defparameter.htm
		help\html\defun.htm = help\html\defun.htm
		help\html\defvar.htm = help\html\defvar.htm
		help\html\display-help.htm = help\html\display-help.htm
		help\html\do.htm = help\html\do.htm
		help\html\drive-agent.htm = help\html\drive-agent.htm
		help\html\enable-cull.htm = help\html\enable-cull.htm
		help\html\enable-lighting.htm = help\html\enable-lighting.htm
		help\html\enable-smooth-shading.htm = help\html\enable-smooth-shading.htm
		help\html\enable-solid.htm = help\html\enable-solid.htm
		help\html\endp.htm = help\html\endp.htm
		help\html\eq.htm = help\html\eq.htm
		help\html\eql.htm = help\html\eql.htm
		help\html\equal.htm = help\html\equal.htm
		help\html\equalp.htm = help\html\equalp.htm
		help\html\euler.htm = help\html\euler.htm
		help\html\eval.htm = help\html\eval.htm
		help\html\evenp.htm = help\html\evenp.htm
		help\html\exit.htm = help\html\exit.htm
		help\html\exp.htm = help\html\exp.htm
		help\html\floatp.htm = help\html\floatp.htm
		help\html\funcall.htm = help\html\funcall.htm
		help\html\function.htm = help\html\function.htm
		help\html\functionp.htm = help\html\functionp.htm
		help\html\functions.htm = help\html\functions.htm
		help\html\gc.htm = help\html\gc.htm
		help\html\get-agent-joints.htm = help\html\get-agent-joints.htm
		help\html\get-camera.htm = help\html\get-camera.htm
		help\html\get-child.htm = help\html\get-child.htm
		help\html\get-d-h.htm = help\html\get-d-h.htm
		help\html\get-file-dialog.htm = help\html\get-file-dialog.htm
		help\html\get-look-at.htm = help\html\get-look-at.htm
		help\html\get-look-from.htm = help\html\get-look-from.htm
		help\html\get-num-facets.htm = help\html\get-num-facets.htm
		help\html\get-num-solutions.htm = help\html\get-num-solutions.htm
		help\html\get-position.htm = help\html\get-position.htm
		help\html\get-solution.htm = help\html\get-solution.htm
		help\html\get-solutions.htm = help\html\get-solutions.htm
		help\html\grasp.htm = help\html\grasp.htm
		help\html\if.htm = help\html\if.htm
		help\html\integerp.htm = help\html\integerp.htm
		help\html\invert-transform.htm = help\html\invert-transform.htm
		help\html\last.htm = help\html\last.htm
		help\html\let.htm = help\html\let.htm
		help\html\list.htm = help\html\list.htm
		help\html\listp.htm = help\html\listp.htm
		help\html\load.htm = help\html\load.htm
		help\html\log.htm = help\html\log.htm
		help\html\loop.htm = help\html\loop.htm
		help\html\macros_topic.htm = help\html\macros_topic.htm
		help\html\main_index.htm = help\html\main_index.htm
		help\html\make-box.htm = help\html\make-box.htm
		help\html\make-circle.htm = help\html\make-circle.htm
		help\html\make-composite.htm = help\html\make-composite.htm
		help\html\make-cone.htm = help\html\make-cone.htm
		help\html\make-cylinder.htm = help\html\make-cylinder.htm
		help\html\make-dome.htm = help\html\make-dome.htm
		help\html\make-extrude-surface.htm = help\html\make-extrude-surface.htm
		help\html\make-fixed-link.htm = help\html\make-fixed-link.htm
		help\html\make-parallel-agent.htm = help\html\make-parallel-agent.htm
		help\html\make-primitive.htm = help\html\make-primitive.htm
		help\html\make-prismatic-link.htm = help\html\make-prismatic-link.htm
		help\html\make-revolute-link.htm = help\html\make-revolute-link.htm
		help\html\make-revolve-surface.htm = help\html\make-revolve-surface.htm
		help\html\make-serial-agent.htm = help\html\make-serial-agent.htm
		help\html\make-sphere.htm = help\html\make-sphere.htm
		help\html\make-truncated-cone.htm = help\html\make-truncated-cone.htm
		help\html\mapcar.htm = help\html\mapcar.htm
		help\html\matmult.htm = help\html\matmult.htm
		help\html\maximize-active-window.htm = help\html\maximize-active-window.htm
		help\html\maximize.htm = help\html\maximize.htm
		help\html\message-box.htm = help\html\message-box.htm
		help\html\minusp.htm = help\html\minusp.htm
		help\html\move-inter-to.htm = help\html\move-inter-to.htm
		help\html\move-straight-to.htm = help\html\move-straight-to.htm
		help\html\new-view.htm = help\html\new-view.htm
		help\html\new-view3d.htm = help\html\new-view3d.htm
		help\html\nil.htm = help\html\nil.htm
		help\html\not.htm = help\html\not.htm
		help\html\nth.htm = help\html\nth.htm
		help\html\nthcdr.htm = help\html\nthcdr.htm
		help\html\null.htm = help\html\null.htm
		help\html\numberp.htm = help\html\numberp.htm
		help\html\object-in-use-p.htm = help\html\object-in-use-p.htm
		help\html\oddp.htm = help\html\oddp.htm
		help\html\offset-position.htm = help\html\offset-position.htm
		help\html\open-stream-p.htm = help\html\open-stream-p.htm
		help\html\open.htm = help\html\open.htm
		help\html\or.htm = help\html\or.htm
		help\html\pi.htm = help\html\pi.htm
		help\html\plusp.htm = help\html\plusp.htm
		help\html\prin1.htm = help\html\prin1.htm
		help\html\princ.htm = help\html\princ.htm
		help\html\print.htm = help\html\print.htm
		help\html\printer-dialog.htm = help\html\printer-dialog.htm
		help\html\printer-setup-dialog.htm = help\html\printer-setup-dialog.htm
		help\html\prog.htm = help\html\prog.htm
		help\html\prog1.htm = help\html\prog1.htm
		help\html\prog2.htm = help\html\prog2.htm
		help\html\progn.htm = help\html\progn.htm
		help\html\psetq.htm = help\html\psetq.htm
		help\html\quote.htm = help\html\quote.htm
		help\html\rationalp.htm = help\html\rationalp.htm
		help\html\realp.htm = help\html\realp.htm
		help\html\release.htm = help\html\release.htm
		help\html\remove-objects.htm = help\html\remove-objects.htm
		help\html\return-from.htm = help\html\return-from.htm
		help\html\return.htm = help\html\return.htm
		help\html\robosim_functions.htm = help\html\robosim_functions.htm
		help\html\rotatex.htm = help\html\rotatex.htm
		help\html\rotatey.htm = help\html\rotatey.htm
		help\html\rotatez.htm = help\html\rotatez.htm
		help\html\rplacd.htm = help\html\rplacd.htm
		help\html\rplace.htm = help\html\rplace.htm
		help\html\rpy.htm = help\html\rpy.htm
		help\html\scale.htm = help\html\scale.htm
		help\html\set-agent-joints.htm = help\html\set-agent-joints.htm
		help\html\set-background-color.htm = help\html\set-background-color.htm
		help\html\set-camera.htm = help\html\set-camera.htm
		help\html\set-clipplane.htm = help\html\set-clipplane.htm
		help\html\set-collision-check.htm = help\html\set-collision-check.htm
		help\html\set-command-lines.htm = help\html\set-command-lines.htm
		help\html\set-double-buffer.htm = help\html\set-double-buffer.htm
		help\html\set-eye-separation.htm = help\html\set-eye-separation.htm
		help\html\set-font-dialog.htm = help\html\set-font-dialog.htm
		help\html\set-light.htm = help\html\set-light.htm
		help\html\set-look-at.htm = help\html\set-look-at.htm
		help\html\set-look-from.htm = help\html\set-look-from.htm
		help\html\set-num-facets.htm = help\html\set-num-facets.htm
		help\html\set-object.htm = help\html\set-object.htm
		help\html\set-position.htm = help\html\set-position.htm
		help\html\set-update.htm = help\html\set-update.htm
		help\html\set-view-dialog.htm = help\html\set-view-dialog.htm
		help\html\set-window-menu.htm = help\html\set-window-menu.htm
		help\html\set.htm = help\html\set.htm
		help\html\setq.htm = help\html\setq.htm
		help\html\show-frames.htm = help\html\show-frames.htm
		help\html\simobp.htm = help\html\simobp.htm
		help\html\sin.htm = help\html\sin.htm
		help\html\sinh.htm = help\html\sinh.htm
		help\html\sleep.htm = help\html\sleep.htm
		help\html\special_forms.htm = help\html\special_forms.htm
		help\html\sqrt.htm = help\html\sqrt.htm
		help\html\streamp.htm = help\html\streamp.htm
		help\html\stringp.htm = help\html\stringp.htm
		help\html\symbolp.htm = help\html\symbolp.htm
		help\html\sym_divide.htm = help\html\sym_divide.htm
		help\html\sym_divide_equal.htm = help\html\sym_divide_equal.htm
		help\html\sym_equal.htm = help\html\sym_equal.htm
		help\html\sym_greaterthan.htm = help\html\sym_greaterthan.htm
		help\html\sym_greaterthan_equal.htm = help\html\sym_greaterthan_equal.htm
		help\html\sym_lessthan_equal.htm = help\html\sym_lessthan_equal.htm
		help\html\sym_lt.htm = help\html\sym_lt.htm
		help\html\sym_minus.htm = help\html\sym_minus.htm
		help\html\sym_oneminus.htm = help\html\sym_oneminus.htm
		help\html\sym_oneplus.htm = help\html\sym_oneplus.htm
		help\html\sym_plus.htm = help\html\sym_plus.htm
		help\html\sym_times.htm = help\html\sym_times.htm
		help\html\t.htm = help\html\t.htm
		help\html\tan.htm = help\html\tan.htm
		help\html\tanh.htm = help\html\tanh.htm
		help\html\terpri.htm = help\html\terpri.htm
		help\html\throw.htm = help\html\throw.htm
		help\html\tile-windows-h.htm = help\html\tile-windows-h.htm
		help\html\tile-windows-v.htm = help\html\tile-windows-v.htm
		help\html\time.htm = help\html\time.htm
		help\html\transformp.htm = help\html\transformp.htm
		help\html\translate.htm = help\html\translate.htm
		help\html\tref.htm = help\html\tref.htm
		help\html\tutorial.htm = help\html\tutorial.htm
		help\html\unless.htm = help\html\unless.htm
		help\html\unwind-protect.htm = help\html\unwind-protect.htm
		help\html\use-kinematics-lisp.htm = help\html\use-kinematics-lisp.htm
		help\html\use-kinematics.htm = help\html\use-kinematics.htm
		help\html\use-objects.htm = help\html\use-objects.htm
		help\html\vector.htm = help\html\vector.htm
		help\html\vectorp.htm = help\html\vectorp.htm
		help\html\whatsnew.htm = help\html\whatsnew.htm
		help\html\when.htm = help\html\when.htm
		help\html\winexec.htm = help\html\winexec.htm
		help\html\zerop.htm = help\html\zerop.htm
	EndProjectSection
EndProject
Project("{8BC9CEB8-8B4A-11D0-8D11-00A0C91BC942}") = "lisplib", "lisplib\lisplib.vcxproj", "{7D1FD517-B58E-4AFF-B1B2-EECE171120D0}"
EndProject
Project("{8BC9CEB8-8B4A-11D0-8D11-00A0C91BC942}") = "lisp", "lisp\lisp.vcxproj", "{05AEA928-4EBA-4A94-94DE-AAD2C0B214D9}"
	ProjectSection(ProjectDependencies) = postProject
		{7D1FD517-B58E-4AFF-B1B2-EECE171120D0} = {7D1FD517-B58E-4AFF-B1B2-EECE171120D0}
	EndProjectSection
EndProject
Global
	GlobalSection(SolutionConfigurationPlatforms) = preSolution
		Debug|x64 = Debug|x64
		Debug|x86 = Debug|x86
		Release|x64 = Release|x64
		Release|x86 = Release|x86
		Template|x64 = Template|x64
		Template|x86 = Template|x86
	EndGlobalSection
	GlobalSection(ProjectConfigurationPlatforms) = postSolution
		{73908789-FE0D-49EF-8FFA-93D7596B571D}.Debug|x64.ActiveCfg = Debug|x64
		{73908789-FE0D-49EF-8FFA-93D7596B571D}.Debug|x64.Build.0 = Debug|x64
		{73908789-FE0D-49EF-8FFA-93D7596B571D}.Debug|x86.ActiveCfg = Debug|Win32
		{73908789-FE0D-49EF-8FFA-93D7596B571D}.Debug|x86.Build.0 = Debug|Win32
		{73908789-FE0D-49EF-8FFA-93D7596B571D}.Release|x64.ActiveCfg = Release|x64
		{73908789-FE0D-49EF-8FFA-93D7596B571D}.Release|x64.Build.0 = Release|x64
		{73908789-FE0D-49EF-8FFA-93D7596B571D}.Release|x86.ActiveCfg = Release|Win32
		{73908789-FE0D-49EF-8FFA-93D7596B571D}.Release|x86.Build.0 = Release|Win32
		{73908789-FE0D-49EF-8FFA-93D7596B571D}.Template|x64.ActiveCfg = Template|Win32
		{73908789-FE0D-49EF-8FFA-93D7596B571D}.Template|x86.ActiveCfg = Template|Win32
		{73908789-FE0D-49EF-8FFA-93D7596B571D}.Template|x86.Build.0 = Template|Win32
		{099B3C38-0F3E-47D6-A97C-04527AE0CE30}.Debug|x64.ActiveCfg = Debug|x64
		{099B3C38-0F3E-47D6-A97C-04527AE0CE30}.Debug|x64.Build.0 = Debug|x64
		{099B3C38-0F3E-47D6-A97C-04527AE0CE30}.Debug|x86.ActiveCfg = Debug|Win32
		{099B3C38-0F3E-47D6-A97C-04527AE0CE30}.Debug|x86.Build.0 = Debug|Win32
		{099B3C38-0F3E-47D6-A97C-04527AE0CE30}.Release|x64.ActiveCfg = Release|x64
		{099B3C38-0F3E-47D6-A97C-04527AE0CE30}.Release|x64.Build.0 = Release|x64
		{099B3C38-0F3E-47D6-A97C-04527AE0CE30}.Release|x86.ActiveCfg = Release|Win32
		{099B3C38-0F3E-47D6-A97C-04527AE0CE30}.Release|x86.Build.0 = Release|Win32
		{099B3C38-0F3E-47D6-A97C-04527AE0CE30}.Template|x64.ActiveCfg = Debug|x64
		{099B3C38-0F3E-47D6-A97C-04527AE0CE30}.Template|x64.Build.0 = Debug|x64
		{099B3C38-0F3E-47D6-A97C-04527AE0CE30}.Template|x86.ActiveCfg = Debug|Win32
		{099B3C38-0F3E-47D6-A97C-04527AE0CE30}.Template|x86.Build.0 = Debug|Win32
		{7D1FD517-B58E-4AFF-B1B2-EECE171120D0}.Debug|x64.ActiveCfg = Debug|x64
		{7D1FD517-B58E-4AFF-B1B2-EECE171120D0}.Debug|x64.Build.0 = Debug|x64
		{7D1FD517-B58E-4AFF-B1B2-EECE171120D0}.Debug|x86.ActiveCfg = Debug|Win32
		{7D1FD517-B58E-4AFF-B1B2-EECE171120D0}.Debug|x86.Build.0 = Debug|Win32
		{7D1FD517-B58E-4AFF-B1B2-EECE171120D0}.Release|x64.ActiveCfg = Release|x64
		{7D1FD517-B58E-4AFF-B1B2-EECE171120D0}.Release|x64.Build.0 = Release|x64
		{7D1FD517-B58E-4AFF-B1B2-EECE171120D0}.Release|x86.ActiveCfg = Release|Win32
		{7D1FD517-B58E-4AFF-B1B2-EECE171120D0}.Release|x86.Build.0 = Release|Win32
		{7D1FD517-B58E-4AFF-B1B2-EECE171120D0}.Template|x64.ActiveCfg = Debug|x64
		{7D1FD517-B58E-4AFF-B1B2-EECE171120D0}.Template|x64.Build.0 = Debug|x64
		{7D1FD517-B58E-4AFF-B1B2-EECE171120D0}.Template|x86.ActiveCfg = Debug|Win32
		{7D1FD517-B58E-4AFF-B1B2-EECE171120D0}.Template|x86.Build.0 = Debug|Win32
		{05AEA928-4EBA-4A94-94DE-AAD2C0B214D9}.Debug|x64.ActiveCfg = Debug|x64
		{05AEA928-4EBA-4A94-94DE-AAD2C0B214D9}.Debug|x64.Build.0 = Debug|x64
		{05AEA928-4EBA-4A94-94DE-AAD2C0B214D9}.Debug|x86.ActiveCfg = Debug|Win32
		{05AEA928-4EBA-4A94-94DE-AAD2C0B214D9}.Debug|x86.Build.0 = Debug|Win32
		{05AEA928-4EBA-4A94-94DE-AAD2C0B214D9}.Release|x64.ActiveCfg = Release|x64
		{05AEA928-4EBA-4A94-94DE-AAD2C0B214D9}.Release|x64.Build.0 = Release|x64
		{05AEA928-4EBA-4A94-94DE-AAD2C0B214D9}.Release|x86.ActiveCfg = Release|Win32
		{05AEA928-4EBA-4A94-94DE-AAD2C0B214D9}.Release|x86.Build.0 = Release|Win32
		{05AEA928-4EBA-4A94-94DE-AAD2C0B214D9}.Template|x64.ActiveCfg = Debug|x64
		{05AEA928-4EBA-4A94-94DE-AAD2C0B214D9}.Template|x64.Build.0 = Debug|x64
		{05AEA928-4EBA-4A94-94DE-AAD2C0B214D9}.Template|x86.ActiveCfg = Debug|Win32
		{05AEA928-4EBA-4A94-94DE-AAD2C0B214D9}.Template|x86.Build.0 = Debug|Win32
	EndGlobalSection
	GlobalSection(SolutionProperties) = preSolution
		HideSolutionNode = FALSE
	EndGlobalSection
	GlobalSection(NestedProjects) = preSolution
		{58B3831A-341D-4113-A5B7-B158E65628B1} = {48930406-ED1D-468E-A3FC-9D84CE518FDB}
	EndGlobalSection
	GlobalSection(ExtensibilityGlobals) = postSolution
		SolutionGuid = {6DD1E8B6-CB6E-4066-95F9-F4639DF05D79}
	EndGlobalSection
EndGlobal
