
Microsoft Visual Studio Solution File, Format Version 12.00
# Visual Studio Version 16
VisualStudioVersion = 16.0.31911.196
MinimumVisualStudioVersion = 10.0.40219.1
Project("{8BC9CEB8-8B4A-11D0-8D11-00A0C91BC942}") = "robosim", "robo\robo.vcxproj", "{73908789-FE0D-49EF-8FFA-93D7596B571D}"
	ProjectSection(ProjectDependencies) = postProject
		{E3EE4A08-7AE0-45DB-B726-7EABEC5F66B8} = {E3EE4A08-7AE0-45DB-B726-7EABEC5F66B8}
		{099B3C38-0F3E-47D6-A97C-04527AE0CE30} = {099B3C38-0F3E-47D6-A97C-04527AE0CE30}
	EndProjectSection
EndProject
Project("{8BC9CEB8-8B4A-11D0-8D11-00A0C91BC942}") = "spin", "spin\spin.vcxproj", "{E3EE4A08-7AE0-45DB-B726-7EABEC5F66B8}"
EndProject
Project("{8BC9CEB8-8B4A-11D0-8D11-00A0C91BC942}") = "pumainv", "pumainv\pumainv.vcxproj", "{099B3C38-0F3E-47D6-A97C-04527AE0CE30}"
EndProject
Project("{2150E333-8FDC-42A3-9474-1A3956D46DE8}") = "Samples", "Samples", "{4BB19D35-042B-46DA-A478-45123920C908}"
	ProjectSection(SolutionItems) = preProject
		samples\1-AXIS_R.LSP = samples\1-AXIS_R.LSP
		samples\1-AXIS_T.LSP = samples\1-AXIS_T.LSP
		samples\3P_CART.LSP = samples\3P_CART.LSP
		samples\3R-DEMO.LSP = samples\3R-DEMO.LSP
		samples\3R_ROBOT.LSP = samples\3R_ROBOT.LSP
		samples\4R_ROBOT.LSP = samples\4R_ROBOT.LSP
		samples\ANDROID.LSP = samples\ANDROID.LSP
		samples\BALLDEMO.LSP = samples\BALLDEMO.LSP
		samples\bugcopy.lsp = samples\bugcopy.lsp
		samples\CART_RBT.LSP = samples\CART_RBT.LSP
		samples\CARTDEMO.LSP = samples\CARTDEMO.LSP
		samples\DEMO-KTH.LSP = samples\DEMO-KTH.LSP
		samples\DEMO-RLC.LSP = samples\DEMO-RLC.LSP
		samples\DEMO.LSP = samples\DEMO.LSP
		samples\DEMO3D.LSP = samples\DEMO3D.LSP
		samples\DROID.LSP = samples\DROID.LSP
		samples\FACT.LSP = samples\FACT.LSP
		samples\FUNCT.LSP = samples\FUNCT.LSP
		samples\J-CNT-3R.LSP = samples\J-CNT-3R.LSP
		samples\LEX.LSP = samples\LEX.LSP
		samples\LL.LSP = samples\LL.LSP
		samples\MOVEIT.LSP = samples\MOVEIT.LSP
		samples\MULTVIEW.LSP = samples\MULTVIEW.LSP
		samples\OBJ-2.LSP = samples\OBJ-2.LSP
		samples\PRED.LSP = samples\PRED.LSP
		samples\PUMA560.LSP = samples\PUMA560.LSP
		samples\PUMA8.LSP = samples\PUMA8.LSP
		samples\PUMAINV.LSP = samples\PUMAINV.LSP
		samples\PUMTRACK.LSP = samples\PUMTRACK.LSP
		samples\REVERSE.LSP = samples\REVERSE.LSP
		samples\ROBOT.LSP = samples\ROBOT.LSP
		samples\SETUP.LSP = samples\SETUP.LSP
		samples\SSTATION.LSP = samples\SSTATION.LSP
		samples\STARTUP.LSP = samples\STARTUP.LSP
		samples\T3.LSP = samples\T3.LSP
		samples\TAK.LSP = samples\TAK.LSP
		samples\TAKLET.LSP = samples\TAKLET.LSP
		samples\TBOX.LSP = samples\TBOX.LSP
		samples\TEMPLATE.LSP = samples\TEMPLATE.LSP
		samples\TOWER.LSP = samples\TOWER.LSP
		samples\TRACELIN.LSP = samples\TRACELIN.LSP
		samples\TRACKING.LSP = samples\TRACKING.LSP
		samples\TWOFUNS.LSP = samples\TWOFUNS.LSP
		samples\WELD.LSP = samples\WELD.LSP
	EndProjectSection
EndProject
Project("{2150E333-8FDC-42A3-9474-1A3956D46DE8}") = "Help", "Help", "{48930406-ED1D-468E-A3FC-9D84CE518FDB}"
	ProjectSection(SolutionItems) = preProject
		help\robo.hhk = help\robo.hhk
		help\robo.hhp = help\robo.hhp
	EndProjectSection
EndProject
Project("{2150E333-8FDC-42A3-9474-1A3956D46DE8}") = "html", "html", "{58B3831A-341D-4113-A5B7-B158E65628B1}"
	ProjectSection(SolutionItems) = preProject
		help\html\robo038l.htm = help\html\robo038l.htm
		help\html\robo04yu.htm = help\html\robo04yu.htm
		help\html\robo052q.htm = help\html\robo052q.htm
		help\html\robo0582.htm = help\html\robo0582.htm
		help\html\robo05ip.htm = help\html\robo05ip.htm
		help\html\robo06qs.htm = help\html\robo06qs.htm
		help\html\robo08by.htm = help\html\robo08by.htm
		help\html\robo08fi.htm = help\html\robo08fi.htm
		help\html\robo08mr.htm = help\html\robo08mr.htm
		help\html\robo09d3.htm = help\html\robo09d3.htm
		help\html\robo0a9f.htm = help\html\robo0a9f.htm
		help\html\robo0b3i.htm = help\html\robo0b3i.htm
		help\html\robo0bsd.htm = help\html\robo0bsd.htm
		help\html\robo0gc0.htm = help\html\robo0gc0.htm
		help\html\robo0gok.htm = help\html\robo0gok.htm
		help\html\robo0gxg.htm = help\html\robo0gxg.htm
		help\html\robo0huw.htm = help\html\robo0huw.htm
		help\html\robo0k85.htm = help\html\robo0k85.htm
		help\html\robo0l83.htm = help\html\robo0l83.htm
		help\html\robo0ltc.htm = help\html\robo0ltc.htm
		help\html\robo0nci.htm = help\html\robo0nci.htm
		help\html\robo0nsb.htm = help\html\robo0nsb.htm
		help\html\robo0ox9.htm = help\html\robo0ox9.htm
		help\html\robo0tih.htm = help\html\robo0tih.htm
		help\html\robo0ues.htm = help\html\robo0ues.htm
		help\html\robo0uxx.htm = help\html\robo0uxx.htm
		help\html\robo0vas.htm = help\html\robo0vas.htm
		help\html\robo0wc8.htm = help\html\robo0wc8.htm
		help\html\robo0xik.htm = help\html\robo0xik.htm
		help\html\robo0ze6.htm = help\html\robo0ze6.htm
		help\html\robo110l.htm = help\html\robo110l.htm
		help\html\robo14h0.htm = help\html\robo14h0.htm
		help\html\robo14hf.htm = help\html\robo14hf.htm
		help\html\robo14q0.htm = help\html\robo14q0.htm
		help\html\robo165v.htm = help\html\robo165v.htm
		help\html\robo167o.htm = help\html\robo167o.htm
		help\html\robo16nn.htm = help\html\robo16nn.htm
		help\html\robo17ck.htm = help\html\robo17ck.htm
		help\html\robo19tc.htm = help\html\robo19tc.htm
		help\html\robo1bxv.htm = help\html\robo1bxv.htm
		help\html\robo1euk.htm = help\html\robo1euk.htm
		help\html\robo1hgy.htm = help\html\robo1hgy.htm
		help\html\robo1kod.htm = help\html\robo1kod.htm
		help\html\robo1o9w.htm = help\html\robo1o9w.htm
		help\html\robo1oms.htm = help\html\robo1oms.htm
		help\html\robo1oz4.htm = help\html\robo1oz4.htm
		help\html\robo1s19.htm = help\html\robo1s19.htm
		help\html\robo1y2a.htm = help\html\robo1y2a.htm
		help\html\robo1z1s.htm = help\html\robo1z1s.htm
		help\html\robo259u.htm = help\html\robo259u.htm
		help\html\robo25f6.htm = help\html\robo25f6.htm
		help\html\robo29dc.htm = help\html\robo29dc.htm
		help\html\robo2bon.htm = help\html\robo2bon.htm
		help\html\robo2e3p.htm = help\html\robo2e3p.htm
		help\html\robo2er6.htm = help\html\robo2er6.htm
		help\html\robo2ewi.htm = help\html\robo2ewi.htm
		help\html\robo2gtu.htm = help\html\robo2gtu.htm
		help\html\robo2i7k.htm = help\html\robo2i7k.htm
		help\html\robo2i91.htm = help\html\robo2i91.htm
		help\html\robo2mw5.htm = help\html\robo2mw5.htm
		help\html\robo2s9w.htm = help\html\robo2s9w.htm
		help\html\robo2vce.htm = help\html\robo2vce.htm
		help\html\robo2wx9.htm = help\html\robo2wx9.htm
		help\html\robo2x9v.htm = help\html\robo2x9v.htm
		help\html\robo2yi4.htm = help\html\robo2yi4.htm
		help\html\robo2zl8.htm = help\html\robo2zl8.htm
		help\html\robo2zoy.htm = help\html\robo2zoy.htm
		help\html\robo2zua.htm = help\html\robo2zua.htm
		help\html\robo33jc.htm = help\html\robo33jc.htm
		help\html\robo33jq.htm = help\html\robo33jq.htm
		help\html\robo33qp.htm = help\html\robo33qp.htm
		help\html\robo33s3.htm = help\html\robo33s3.htm
		help\html\robo33sk.htm = help\html\robo33sk.htm
		help\html\robo34qb.htm = help\html\robo34qb.htm
		help\html\robo3584.htm = help\html\robo3584.htm
		help\html\robo362c.htm = help\html\robo362c.htm
		help\html\robo36r4.htm = help\html\robo36r4.htm
		help\html\robo36r7.htm = help\html\robo36r7.htm
		help\html\robo3774.htm = help\html\robo3774.htm
		help\html\robo396a.htm = help\html\robo396a.htm
		help\html\robo39bm.htm = help\html\robo39bm.htm
		help\html\robo39f7.htm = help\html\robo39f7.htm
		help\html\robo39y9.htm = help\html\robo39y9.htm
		help\html\robo39yc.htm = help\html\robo39yc.htm
		help\html\robo3a04.htm = help\html\robo3a04.htm
		help\html\robo3asy.htm = help\html\robo3asy.htm
		help\html\robo3bji.htm = help\html\robo3bji.htm
		help\html\robo3crl.htm = help\html\robo3crl.htm
		help\html\robo3e3y.htm = help\html\robo3e3y.htm
		help\html\robo3fjj.htm = help\html\robo3fjj.htm
		help\html\robo3foy.htm = help\html\robo3foy.htm
		help\html\robo3fua.htm = help\html\robo3fua.htm
		help\html\robo3gbw.htm = help\html\robo3gbw.htm
		help\html\robo3gdv.htm = help\html\robo3gdv.htm
		help\html\robo3iqw.htm = help\html\robo3iqw.htm
		help\html\robo3m5s.htm = help\html\robo3m5s.htm
		help\html\robo3mcx.htm = help\html\robo3mcx.htm
		help\html\robo3mcy.htm = help\html\robo3mcy.htm
		help\html\robo3mem.htm = help\html\robo3mem.htm
		help\html\robo3mss.htm = help\html\robo3mss.htm
		help\html\robo3n5c.htm = help\html\robo3n5c.htm
		help\html\robo3pi9.htm = help\html\robo3pi9.htm
		help\html\robo3q79.htm = help\html\robo3q79.htm
		help\html\robo3s1a.htm = help\html\robo3s1a.htm
		help\html\robo3tew.htm = help\html\robo3tew.htm
		help\html\robo3w9x.htm = help\html\robo3w9x.htm
		help\html\robo3xh4.htm = help\html\robo3xh4.htm
		help\html\robo3xh5.htm = help\html\robo3xh5.htm
		help\html\robo3xh6.htm = help\html\robo3xh6.htm
		help\html\robo3zar.htm = help\html\robo3zar.htm
		help\html\robo40tw.htm = help\html\robo40tw.htm
		help\html\robo42hz.htm = help\html\robo42hz.htm
		help\html\robo431j.htm = help\html\robo431j.htm
		help\html\robo43la.htm = help\html\robo43la.htm
		help\html\robo45v7.htm = help\html\robo45v7.htm
		help\html\robo47jm.htm = help\html\robo47jm.htm
		help\html\robo47oy.htm = help\html\robo47oy.htm
		help\html\robo48c4.htm = help\html\robo48c4.htm
		help\html\robo48j8.htm = help\html\robo48j8.htm
		help\html\robo48tj.htm = help\html\robo48tj.htm
		help\html\robo497w.htm = help\html\robo497w.htm
		help\html\robo4apg.htm = help\html\robo4apg.htm
		help\html\robo4azr.htm = help\html\robo4azr.htm
		help\html\robo4euk.htm = help\html\robo4euk.htm
		help\html\robo4f5g.htm = help\html\robo4f5g.htm
		help\html\robo4fe0.htm = help\html\robo4fe0.htm
		help\html\robo4fjb.htm = help\html\robo4fjb.htm
		help\html\robo4gvi.htm = help\html\robo4gvi.htm
		help\html\robo4h0y.htm = help\html\robo4h0y.htm
		help\html\robo4h6a.htm = help\html\robo4h6a.htm
		help\html\robo4jg0.htm = help\html\robo4jg0.htm
		help\html\robo4ofm.htm = help\html\robo4ofm.htm
		help\html\robo4oj2.htm = help\html\robo4oj2.htm
		help\html\robo4p4j.htm = help\html\robo4p4j.htm
		help\html\robo4ruh.htm = help\html\robo4ruh.htm
		help\html\robo4ugk.htm = help\html\robo4ugk.htm
		help\html\robo4uni.htm = help\html\robo4uni.htm
		help\html\robo4wxe.htm = help\html\robo4wxe.htm
		help\html\robo4xf2.htm = help\html\robo4xf2.htm
		help\html\robo51ps.htm = help\html\robo51ps.htm
		help\html\robo548e.htm = help\html\robo548e.htm
		help\html\robo57dx.htm = help\html\robo57dx.htm
		help\html\robo58px.htm = help\html\robo58px.htm
		help\html\robo5er8.htm = help\html\robo5er8.htm
		help\html\robo5eug.htm = help\html\robo5eug.htm
		help\html\robo5fub.htm = help\html\robo5fub.htm
		help\html\robo5hgo.htm = help\html\robo5hgo.htm
		help\html\robo5l7v.htm = help\html\robo5l7v.htm
		help\html\robo5ol3.htm = help\html\robo5ol3.htm
		help\html\robo5r1o.htm = help\html\robo5r1o.htm
		help\html\robo5rxh.htm = help\html\robo5rxh.htm
		help\html\robo5to3.htm = help\html\robo5to3.htm
		help\html\robo5xbn.htm = help\html\robo5xbn.htm
		help\html\robo5zji.htm = help\html\robo5zji.htm
		help\html\robo610z.htm = help\html\robo610z.htm
		help\html\robo62b4.htm = help\html\robo62b4.htm
		help\html\robo633r.htm = help\html\robo633r.htm
		help\html\robo642t.htm = help\html\robo642t.htm
		help\html\robo6434.htm = help\html\robo6434.htm
		help\html\robo64vm.htm = help\html\robo64vm.htm
		help\html\robo650y.htm = help\html\robo650y.htm
		help\html\robo6aig.htm = help\html\robo6aig.htm
		help\html\robo6coe.htm = help\html\robo6coe.htm
		help\html\robo6ecy.htm = help\html\robo6ecy.htm
		help\html\robo6eia.htm = help\html\robo6eia.htm
		help\html\robo6ek7.htm = help\html\robo6ek7.htm
		help\html\robo6eur.htm = help\html\robo6eur.htm
		help\html\robo6i43.htm = help\html\robo6i43.htm
		help\html\robo6jal.htm = help\html\robo6jal.htm
		help\html\robo6jvw.htm = help\html\robo6jvw.htm
		help\html\robo6o8k.htm = help\html\robo6o8k.htm
		help\html\robo6oc7.htm = help\html\robo6oc7.htm
		help\html\robo6pim.htm = help\html\robo6pim.htm
		help\html\robo6qxx.htm = help\html\robo6qxx.htm
		help\html\robo6skw.htm = help\html\robo6skw.htm
		help\html\robo6sok.htm = help\html\robo6sok.htm
		help\html\robo6v8w.htm = help\html\robo6v8w.htm
		help\html\robo6w4m.htm = help\html\robo6w4m.htm
		help\html\robo6w4w.htm = help\html\robo6w4w.htm
		help\html\robo6wh1.htm = help\html\robo6wh1.htm
		help\html\robo6z1s.htm = help\html\robo6z1s.htm
		help\html\robo6z8w.htm = help\html\robo6z8w.htm
		help\html\robo70md.htm = help\html\robo70md.htm
		help\html\robo72pc.htm = help\html\robo72pc.htm
		help\html\robo74pz.htm = help\html\robo74pz.htm
		help\html\robo7cqa.htm = help\html\robo7cqa.htm
		help\html\robo7cvm.htm = help\html\robo7cvm.htm
		help\html\robo7gkw.htm = help\html\robo7gkw.htm
		help\html\robo7ho2.htm = help\html\robo7ho2.htm
		help\html\robo7hpo.htm = help\html\robo7hpo.htm
		help\html\robo7khc.htm = help\html\robo7khc.htm
		help\html\robo7m7m.htm = help\html\robo7m7m.htm
		help\html\robo7mcy.htm = help\html\robo7mcy.htm
		help\html\robo7nu8.htm = help\html\robo7nu8.htm
		help\html\robo7pm7.htm = help\html\robo7pm7.htm
		help\html\robo7po1.htm = help\html\robo7po1.htm
		help\html\robo7pr7.htm = help\html\robo7pr7.htm
		help\html\robo7puu.htm = help\html\robo7puu.htm
		help\html\robo7q5u.htm = help\html\robo7q5u.htm
		help\html\robo7q7d.htm = help\html\robo7q7d.htm
		help\html\robo7rjg.htm = help\html\robo7rjg.htm
		help\html\robo7t80.htm = help\html\robo7t80.htm
		help\html\robo7v6t.htm = help\html\robo7v6t.htm
		help\html\robo7vtw.htm = help\html\robo7vtw.htm
		help\html\robo83xg.htm = help\html\robo83xg.htm
		help\html\robo84bp.htm = help\html\robo84bp.htm
		help\html\robo88vf.htm = help\html\robo88vf.htm
		help\html\robo88vj.htm = help\html\robo88vj.htm
		help\html\robo890z.htm = help\html\robo890z.htm
		help\html\robo89x4.htm = help\html\robo89x4.htm
		help\html\robo8a5s.htm = help\html\robo8a5s.htm
		help\html\robo8awj.htm = help\html\robo8awj.htm
		help\html\robo8baf.htm = help\html\robo8baf.htm
		help\html\robo8dpt.htm = help\html\robo8dpt.htm
		help\html\robo8goj.htm = help\html\robo8goj.htm
		help\html\robo8gtz.htm = help\html\robo8gtz.htm
		help\html\robo8jn4.htm = help\html\robo8jn4.htm
		help\html\robo8kjd.htm = help\html\robo8kjd.htm
		help\html\robo8let.htm = help\html\robo8let.htm
		help\html\robo8mge.htm = help\html\robo8mge.htm
		help\html\robo8mpf.htm = help\html\robo8mpf.htm
		help\html\robo8u2b.htm = help\html\robo8u2b.htm
		help\html\robo8vck.htm = help\html\robo8vck.htm
		help\html\robo8xuz.htm = help\html\robo8xuz.htm
		help\html\robo8z5c.htm = help\html\robo8z5c.htm
		help\html\robo8zar.htm = help\html\robo8zar.htm
		help\html\robo9036.htm = help\html\robo9036.htm
		help\html\robo908i.htm = help\html\robo908i.htm
		help\html\robo92cw.htm = help\html\robo92cw.htm
		help\html\robo99gr.htm = help\html\robo99gr.htm
		help\html\robo99ki.htm = help\html\robo99ki.htm
		help\html\robo99pu.htm = help\html\robo99pu.htm
		help\html\robo9beb.htm = help\html\robo9beb.htm
		help\html\robo9bmv.htm = help\html\robo9bmv.htm
		help\html\robo9hyb.htm = help\html\robo9hyb.htm
		help\html\robo9i9f.htm = help\html\robo9i9f.htm
		help\html\robo9icw.htm = help\html\robo9icw.htm
		help\html\robo9k37.htm = help\html\robo9k37.htm
		help\html\robo9kvk.htm = help\html\robo9kvk.htm
		help\html\robo9ohe.htm = help\html\robo9ohe.htm
		help\html\robo9ooe.htm = help\html\robo9ooe.htm
		help\html\robo9p0w.htm = help\html\robo9p0w.htm
		help\html\robo9ulj.htm = help\html\robo9ulj.htm
		help\html\robo9vle.htm = help\html\robo9vle.htm
		help\html\robo9vqq.htm = help\html\robo9vqq.htm
		help\html\robo9xpx.htm = help\html\robo9xpx.htm
		help\html\robo9z77.htm = help\html\robo9z77.htm
	EndProjectSection
EndProject
Global
	GlobalSection(SolutionConfigurationPlatforms) = preSolution
		Debug|x64 = Debug|x64
		Debug|x86 = Debug|x86
		Release|x64 = Release|x64
		Release|x86 = Release|x86
		Template|x64 = Template|x64
		Template|x86 = Template|x86
	EndGlobalSection
	GlobalSection(ProjectConfigurationPlatforms) = postSolution
		{73908789-FE0D-49EF-8FFA-93D7596B571D}.Debug|x64.ActiveCfg = Debug|x64
		{73908789-FE0D-49EF-8FFA-93D7596B571D}.Debug|x64.Build.0 = Debug|x64
		{73908789-FE0D-49EF-8FFA-93D7596B571D}.Debug|x86.ActiveCfg = Debug|Win32
		{73908789-FE0D-49EF-8FFA-93D7596B571D}.Debug|x86.Build.0 = Debug|Win32
		{73908789-FE0D-49EF-8FFA-93D7596B571D}.Release|x64.ActiveCfg = Release|Win32
		{73908789-FE0D-49EF-8FFA-93D7596B571D}.Release|x86.ActiveCfg = Release|Win32
		{73908789-FE0D-49EF-8FFA-93D7596B571D}.Release|x86.Build.0 = Release|Win32
		{73908789-FE0D-49EF-8FFA-93D7596B571D}.Template|x64.ActiveCfg = Template|Win32
		{73908789-FE0D-49EF-8FFA-93D7596B571D}.Template|x86.ActiveCfg = Template|Win32
		{73908789-FE0D-49EF-8FFA-93D7596B571D}.Template|x86.Build.0 = Template|Win32
		{E3EE4A08-7AE0-45DB-B726-7EABEC5F66B8}.Debug|x64.ActiveCfg = Debug|x64
		{E3EE4A08-7AE0-45DB-B726-7EABEC5F66B8}.Debug|x64.Build.0 = Debug|x64
		{E3EE4A08-7AE0-45DB-B726-7EABEC5F66B8}.Debug|x86.ActiveCfg = Debug|Win32
		{E3EE4A08-7AE0-45DB-B726-7EABEC5F66B8}.Debug|x86.Build.0 = Debug|Win32
		{E3EE4A08-7AE0-45DB-B726-7EABEC5F66B8}.Release|x64.ActiveCfg = Release|x64
		{E3EE4A08-7AE0-45DB-B726-7EABEC5F66B8}.Release|x64.Build.0 = Release|x64
		{E3EE4A08-7AE0-45DB-B726-7EABEC5F66B8}.Release|x86.ActiveCfg = Release|Win32
		{E3EE4A08-7AE0-45DB-B726-7EABEC5F66B8}.Release|x86.Build.0 = Release|Win32
		{E3EE4A08-7AE0-45DB-B726-7EABEC5F66B8}.Template|x64.ActiveCfg = Debug|x64
		{E3EE4A08-7AE0-45DB-B726-7EABEC5F66B8}.Template|x64.Build.0 = Debug|x64
		{E3EE4A08-7AE0-45DB-B726-7EABEC5F66B8}.Template|x86.ActiveCfg = Debug|Win32
		{E3EE4A08-7AE0-45DB-B726-7EABEC5F66B8}.Template|x86.Build.0 = Debug|Win32
		{099B3C38-0F3E-47D6-A97C-04527AE0CE30}.Debug|x64.ActiveCfg = Debug|x64
		{099B3C38-0F3E-47D6-A97C-04527AE0CE30}.Debug|x64.Build.0 = Debug|x64
		{099B3C38-0F3E-47D6-A97C-04527AE0CE30}.Debug|x86.ActiveCfg = Debug|Win32
		{099B3C38-0F3E-47D6-A97C-04527AE0CE30}.Debug|x86.Build.0 = Debug|Win32
		{099B3C38-0F3E-47D6-A97C-04527AE0CE30}.Release|x64.ActiveCfg = Release|x64
		{099B3C38-0F3E-47D6-A97C-04527AE0CE30}.Release|x64.Build.0 = Release|x64
		{099B3C38-0F3E-47D6-A97C-04527AE0CE30}.Release|x86.ActiveCfg = Release|Win32
		{099B3C38-0F3E-47D6-A97C-04527AE0CE30}.Release|x86.Build.0 = Release|Win32
		{099B3C38-0F3E-47D6-A97C-04527AE0CE30}.Template|x64.ActiveCfg = Debug|x64
		{099B3C38-0F3E-47D6-A97C-04527AE0CE30}.Template|x64.Build.0 = Debug|x64
		{099B3C38-0F3E-47D6-A97C-04527AE0CE30}.Template|x86.ActiveCfg = Debug|Win32
		{099B3C38-0F3E-47D6-A97C-04527AE0CE30}.Template|x86.Build.0 = Debug|Win32
	EndGlobalSection
	GlobalSection(SolutionProperties) = preSolution
		HideSolutionNode = FALSE
	EndGlobalSection
	GlobalSection(NestedProjects) = preSolution
		{58B3831A-341D-4113-A5B7-B158E65628B1} = {48930406-ED1D-468E-A3FC-9D84CE518FDB}
	EndGlobalSection
	GlobalSection(ExtensibilityGlobals) = postSolution
		SolutionGuid = {6DD1E8B6-CB6E-4066-95F9-F4639DF05D79}
	EndGlobalSection
EndGlobal
