<?xml version="1.0" encoding="utf-8"?>
<Project ToolsVersion="4.0" xmlns="http://schemas.microsoft.com/developer/msbuild/2003">
  <ItemGroup>
    <Filter Include="Source Files">
      <UniqueIdentifier>{4FC737F1-C7A5-4376-A066-2A32D752A2FF}</UniqueIdentifier>
      <Extensions>cpp;c;cc;cxx;c++;cppm;ixx;def;odl;idl;hpj;bat;asm;asmx</Extensions>
    </Filter>
    <Filter Include="Header Files">
      <UniqueIdentifier>{93995380-89BD-4b04-88EB-625FBE52EBFB}</UniqueIdentifier>
      <Extensions>h;hh;hpp;hxx;h++;hm;inl;inc;ipp;xsd</Extensions>
    </Filter>
    <Filter Include="Resource Files">
      <UniqueIdentifier>{67DA6AB6-F800-4c08-8B7A-83BB121AAD01}</UniqueIdentifier>
      <Extensions>rc;ico;cur;bmp;dlg;rc2;rct;bin;rgs;gif;jpg;jpeg;jpe;resx;tiff;tif;png;wav;mfcribbon-ms</Extensions>
    </Filter>
  </ItemGroup>
  <ItemGroup>
    <ClInclude Include="framework.h">
      <Filter>Header Files</Filter>
    </ClInclude>
    <ClInclude Include="pch.h">
      <Filter>Header Files</Filter>
    </ClInclude>
    <ClInclude Include="argstack.h">
      <Filter>Source Files</Filter>
    </ClInclude>
    <ClInclude Include="errordat.h">
      <Filter>Source Files</Filter>
    </ClInclude>
    <ClInclude Include="errors.h">
      <Filter>Source Files</Filter>
    </ClInclude>
    <ClInclude Include="host.h">
      <Filter>Source Files</Filter>
    </ClInclude>
    <ClInclude Include="ik.h">
      <Filter>Source Files</Filter>
    </ClInclude>
    <ClInclude Include="matrix.h">
      <Filter>Source Files</Filter>
    </ClInclude>
    <ClInclude Include="node.h">
      <Filter>Source Files</Filter>
    </ClInclude>
    <ClInclude Include="package.h">
      <Filter>Source Files</Filter>
    </ClInclude>
    <ClInclude Include="radhelper.h">
      <Filter>Source Files</Filter>
    </ClInclude>
    <ClInclude Include="rexcept.h">
      <Filter>Source Files</Filter>
    </ClInclude>
    <ClInclude Include="rlerror.h">
      <Filter>Source Files</Filter>
    </ClInclude>
    <ClInclude Include="constant.h">
      <Filter>Source Files</Filter>
    </ClInclude>
    <ClInclude Include="lispenv.h">
      <Filter>Source Files</Filter>
    </ClInclude>
    <ClInclude Include="readtabl.h">
      <Filter>Source Files</Filter>
    </ClInclude>
    <ClInclude Include="parsen.h">
      <Filter>Source Files</Filter>
    </ClInclude>
  </ItemGroup>
  <ItemGroup>
    <ClCompile Include="lisplib.cpp">
      <Filter>Source Files</Filter>
    </ClCompile>
    <ClCompile Include="pch.cpp">
      <Filter>Source Files</Filter>
    </ClCompile>
    <ClCompile Include="node.cpp">
      <Filter>Source Files</Filter>
    </ClCompile>
    <ClCompile Include="rlerror.cpp">
      <Filter>Source Files</Filter>
    </ClCompile>
    <ClCompile Include="argstack.cpp">
      <Filter>Source Files</Filter>
    </ClCompile>
    <ClCompile Include="package.cpp">
      <Filter>Source Files</Filter>
    </ClCompile>
    <ClCompile Include="ik.cpp">
      <Filter>Source Files</Filter>
    </ClCompile>
    <ClCompile Include="matrix.cpp">
      <Filter>Source Files</Filter>
    </ClCompile>
    <ClCompile Include="vars.cpp">
      <Filter>Source Files</Filter>
    </ClCompile>
    <ClCompile Include="globals.cpp">
      <Filter>Source Files</Filter>
    </ClCompile>
    <ClCompile Include="forms.cpp">
      <Filter>Source Files</Filter>
    </ClCompile>
    <ClCompile Include="funcs.cpp">
      <Filter>Source Files</Filter>
    </ClCompile>
    <ClCompile Include="lispenv.cpp">
      <Filter>Source Files</Filter>
    </ClCompile>
    <ClCompile Include="readtabl.cpp">
      <Filter>Source Files</Filter>
    </ClCompile>
    <ClCompile Include="parsen.cpp">
      <Filter>Source Files</Filter>
    </ClCompile>
    <ClCompile Include="funclist.cpp">
      <Filter>Source Files</Filter>
    </ClCompile>
    <ClCompile Include="lisp_engine.cpp">
      <Filter>Source Files</Filter>
    </ClCompile>
  </ItemGroup>
</Project>